
Microsoft Visual Studio Solution File, Format Version 12.00
# Visual Studio Version 17
VisualStudioVersion = 17.14.36414.22 d17.14
MinimumVisualStudioVersion = 10.0.40219.1
Project("{FAE04EC0-301F-11D3-BF4B-00C04F79EFBC}") = "Form_Combobox", "Form_Combobox\Form_Combobox.csproj", "{694B26FD-BAAF-44A1-A0A4-054B377C2921}"
EndProject
Global
	GlobalSection(SolutionConfigurationPlatforms) = preSolution
		Debug|Any CPU = Debug|Any CPU
		Release|Any CPU = Release|Any CPU
	EndGlobalSection
	GlobalSection(ProjectConfigurationPlatforms) = postSolution
		{694B26FD-BAAF-44A1-A0A4-054B377C2921}.Debug|Any CPU.ActiveCfg = Debug|Any CPU
		{694B26FD-BAAF-44A1-A0A4-054B377C2921}.Debug|Any CPU.Build.0 = Debug|Any CPU
		{694B26FD-BAAF-44A1-A0A4-054B377C2921}.Release|Any CPU.ActiveCfg = Release|Any CPU
		{694B26FD-BAAF-44A1-A0A4-054B377C2921}.Release|Any CPU.Build.0 = Release|Any CPU
	EndGlobalSection
	GlobalSection(SolutionProperties) = preSolution
		HideSolutionNode = FALSE
	EndGlobalSection
	GlobalSection(ExtensibilityGlobals) = postSolution
		SolutionGuid = {5B91FA45-F0F3-4274-A409-DBEA4181778D}
	EndGlobalSection
EndGlobal
